
Microsoft Visual Studio Solution File, Format Version 12.00
# Visual Studio 15
VisualStudioVersion = 15.0.27703.2035
MinimumVisualStudioVersion = 10.0.40219.1
Project("{FAE04EC0-301F-11D3-BF4B-00C04F79EFBC}") = "WineGlass", "WineGlass\WineGlass.csproj", "{07A93582-CD91-40ED-B828-C3AA06EB2EDD}"
EndProject
Global
	GlobalSection(SolutionConfigurationPlatforms) = preSolution
		Debug|Any CPU = Debug|Any CPU
		Release|Any CPU = Release|Any CPU
	EndGlobalSection
	GlobalSection(ProjectConfigurationPlatforms) = postSolution
		{07A93582-CD91-40ED-B828-C3AA06EB2EDD}.Debug|Any CPU.ActiveCfg = Debug|Any CPU
		{07A93582-CD91-40ED-B828-C3AA06EB2EDD}.Debug|Any CPU.Build.0 = Debug|Any CPU
		{07A93582-CD91-40ED-B828-C3AA06EB2EDD}.Release|Any CPU.ActiveCfg = Release|Any CPU
		{07A93582-CD91-40ED-B828-C3AA06EB2EDD}.Release|Any CPU.Build.0 = Release|Any CPU
	EndGlobalSection
	GlobalSection(SolutionProperties) = preSolution
		HideSolutionNode = FALSE
	EndGlobalSection
	GlobalSection(ExtensibilityGlobals) = postSolution
		SolutionGuid = {A05AB093-251E-45DB-8565-25F0B8AA03B2}
	EndGlobalSection
EndGlobal
